
Microsoft Visual Studio Solution File, Format Version 12.00
# Visual Studio Version 16
VisualStudioVersion = 16.0.32002.261
MinimumVisualStudioVersion = 10.0.40219.1
Project("{2150E333-8FDC-42A3-9474-1A3956D46DE8}") = "ShopManagement", "ShopManagement", "{D7028BE7-AFBB-4E84-8B7B-99A877BC1650}"
EndProject
Project("{2150E333-8FDC-42A3-9474-1A3956D46DE8}") = "SM.Domain", "SM.Domain", "{4F08EC5A-8213-4D57-8FC7-C121A24DA927}"
EndProject
Project("{9A19103F-16F7-4668-BE54-9A1E7A4F7556}") = "ShopManagement.Domain", "ShopManagment.Domain\ShopManagement.Domain.csproj", "{99595BFA-AF0C-40F3-8962-4CA04B1C6F92}"
EndProject
Project("{9A19103F-16F7-4668-BE54-9A1E7A4F7556}") = "0_Framework", "0_Framework\0_Framework.csproj", "{6AD61FC2-E245-43F6-816F-CC5767410C2C}"
EndProject
Project("{2150E333-8FDC-42A3-9474-1A3956D46DE8}") = "SM.Application", "SM.Application", "{CBA956C6-8048-4C5A-AE26-82DB2BEFE6E0}"
EndProject
Project("{9A19103F-16F7-4668-BE54-9A1E7A4F7556}") = "ShopManagement.Application.Contracts", "ShopManagement.Application.Contracts\ShopManagement.Application.Contracts.csproj", "{3042D052-12D4-44F9-ACBA-3B1B7C47992C}"
EndProject
Project("{9A19103F-16F7-4668-BE54-9A1E7A4F7556}") = "ShopManagement.Application", "ShopManagement.Application\ShopManagement.Application.csproj", "{56AAB176-CA18-49BA-9265-29A507FAD7DE}"
EndProject
Project("{2150E333-8FDC-42A3-9474-1A3956D46DE8}") = "SM.InfraStructure", "SM.InfraStructure", "{46BF1F8E-E7BD-4411-AA16-F54E858835AD}"
EndProject
Project("{9A19103F-16F7-4668-BE54-9A1E7A4F7556}") = "ShopManagement.InfraStructure.EFCore", "ShopManagement.InfraStructure.EFCore\ShopManagement.InfraStructure.EFCore.csproj", "{FA56C022-4089-4647-9D45-084F8821052F}"
EndProject
Project("{9A19103F-16F7-4668-BE54-9A1E7A4F7556}") = "ShopManagement.Configuration", "ShopManagement.Configuration\ShopManagement.Configuration.csproj", "{061538C4-7BB3-4106-9E22-A7842F3714A2}"
EndProject
Project("{9A19103F-16F7-4668-BE54-9A1E7A4F7556}") = "ServiceHost", "ServiceHost\ServiceHost.csproj", "{92B3185E-61D1-4A07-95B9-212F5B8A29A4}"
EndProject
Project("{9A19103F-16F7-4668-BE54-9A1E7A4F7556}") = "01_PakhshinoQuery", "01_PakhshinoQuery\01_PakhshinoQuery.csproj", "{814DB5FB-22A9-4EC9-9250-3FD03704E4F0}"
EndProject
Project("{2150E333-8FDC-42A3-9474-1A3956D46DE8}") = "DiscountManagement", "DiscountManagement", "{C4034ED5-2DDA-4CCC-AC30-AB66938BFCB1}"
EndProject
Project("{2150E333-8FDC-42A3-9474-1A3956D46DE8}") = "DM.Domain", "DM.Domain", "{5AD3714A-9A26-4F98-9773-1FDF7354257F}"
EndProject
Project("{2150E333-8FDC-42A3-9474-1A3956D46DE8}") = "DM.Application", "DM.Application", "{E7672865-4B35-4ACC-93C0-45CF9A05D9DC}"
EndProject
Project("{2150E333-8FDC-42A3-9474-1A3956D46DE8}") = "DM.InfraStructure", "DM.InfraStructure", "{82D74232-417B-43A4-9327-4A5F9B807ABF}"
EndProject
Project("{9A19103F-16F7-4668-BE54-9A1E7A4F7556}") = "DiscountManagement.Domain", "DiscountManagement.Domain\DiscountManagement.Domain.csproj", "{3017DDD7-397B-4004-A3D7-E4AC9E7CB2E3}"
EndProject
Project("{9A19103F-16F7-4668-BE54-9A1E7A4F7556}") = "DiscountManagement.Application.Contract", "DiscountManagement.Application.Contract\DiscountManagement.Application.Contract.csproj", "{5AE4838D-4FD1-4AF1-B251-7CB73F097040}"
EndProject
Project("{9A19103F-16F7-4668-BE54-9A1E7A4F7556}") = "DiscountManagement.Application", "DiscountManagement.Application\DiscountManagement.Application.csproj", "{61659ACE-4966-44A1-8074-F0E18B5D3D57}"
EndProject
Project("{9A19103F-16F7-4668-BE54-9A1E7A4F7556}") = "DiscountManagement.Infrastructure.EFCore", "DiscountManagement.Infrastructure.EFCore\DiscountManagement.Infrastructure.EFCore.csproj", "{9FC7A47A-84F8-4A57-AABB-E00A1BB4A34C}"
EndProject
Project("{9A19103F-16F7-4668-BE54-9A1E7A4F7556}") = "DiscountManagement.Configuration", "DiscountManagement.Configuration\DiscountManagement.Configuration.csproj", "{73C10E83-02B8-4FFB-80EB-98848378ADFA}"
EndProject
Project("{2150E333-8FDC-42A3-9474-1A3956D46DE8}") = "InventoryManagement", "InventoryManagement", "{CECB469A-E800-40DB-8E34-70ADD55AEA40}"
EndProject
Project("{2150E333-8FDC-42A3-9474-1A3956D46DE8}") = "IM.Domain", "IM.Domain", "{AD0195F8-1872-4E4B-87A9-CD70FD32A8F8}"
EndProject
Project("{2150E333-8FDC-42A3-9474-1A3956D46DE8}") = "IM.Application", "IM.Application", "{115C28D7-F9F5-4673-B86B-4B9CB129DFE3}"
EndProject
Project("{2150E333-8FDC-42A3-9474-1A3956D46DE8}") = "InfraStructure", "InfraStructure", "{FBB77727-7BAC-4D8E-A8F1-FC9AC3C8B66F}"
EndProject
Project("{9A19103F-16F7-4668-BE54-9A1E7A4F7556}") = "InventoryManagement.Domain", "InvaentoryManagement.Domain\InventoryManagement.Domain.csproj", "{191D4F2F-9015-4A01-8B69-F01808C32B61}"
EndProject
Project("{9A19103F-16F7-4668-BE54-9A1E7A4F7556}") = "InventoryManagement.Application.Contract", "InventoryManagement.Application.Contract\InventoryManagement.Application.Contract.csproj", "{12347C3E-EE43-4FD7-899B-D7EC45F10D47}"
EndProject
Project("{9A19103F-16F7-4668-BE54-9A1E7A4F7556}") = "InventoryMangement.InfraStructure.EFCore", "InventoryMangement.InfraStructure.EFCore\InventoryMangement.InfraStructure.EFCore.csproj", "{AD18D6C4-4BA9-4953-AE98-0BA520F568CD}"
EndProject
Project("{9A19103F-16F7-4668-BE54-9A1E7A4F7556}") = "InventoryManagement.InfraStructue.Configuration", "InventoryManagement.InfraStructue.Configuration\InventoryManagement.InfraStructue.Configuration.csproj", "{34917DB9-3773-4A98-A262-261473F98651}"
EndProject
Project("{9A19103F-16F7-4668-BE54-9A1E7A4F7556}") = "InventoryManagement.Application", "InventoryManagement.application\InventoryManagement.Application.csproj", "{7C7E7FA7-C467-4EC9-816C-847BD96B94A2}"
EndProject
Project("{2150E333-8FDC-42A3-9474-1A3956D46DE8}") = "AccountManagement", "AccountManagement", "{4971D56B-42CE-4A15-BFD1-1755FDCA0531}"
EndProject
Project("{2150E333-8FDC-42A3-9474-1A3956D46DE8}") = "AM.Domain", "AM.Domain", "{48D23774-63E7-452B-BC2F-DA19300FF1AF}"
EndProject
Project("{2150E333-8FDC-42A3-9474-1A3956D46DE8}") = "AM.Application", "AM.Application", "{5251D217-A0F8-4961-B6CB-2F78A009E3E9}"
EndProject
Project("{2150E333-8FDC-42A3-9474-1A3956D46DE8}") = "AM.InfraStructure", "AM.InfraStructure", "{C28B7C96-01F7-4429-BE4F-84E8F8F95C7C}"
EndProject
Project("{9A19103F-16F7-4668-BE54-9A1E7A4F7556}") = "AccountManagement.Domain", "AccountManagement.Domain\AccountManagement.Domain.csproj", "{1D3B1D1F-AB9C-4DB7-B182-4642882221DC}"
EndProject
Project("{9A19103F-16F7-4668-BE54-9A1E7A4F7556}") = "AccountManagement.Application.Contract", "AccountManagement.Application.Contract\AccountManagement.Application.Contract.csproj", "{7CA67494-F08E-49CB-8FDC-B5FBB4A15F2A}"
EndProject
Project("{9A19103F-16F7-4668-BE54-9A1E7A4F7556}") = "AccountManagement.Infrastructure.EFCore", "AccountManagement.Infrastructure.EFCore\AccountManagement.Infrastructure.EFCore.csproj", "{112AC217-7969-47DF-BE6E-8D50D3DC0923}"
EndProject
Project("{9A19103F-16F7-4668-BE54-9A1E7A4F7556}") = "AccountManagement.Application", "AccountManagement.Application\AccountManagement.Application.csproj", "{40733716-477F-4212-BAD3-540D7B8607FE}"
EndProject
Project("{9A19103F-16F7-4668-BE54-9A1E7A4F7556}") = "AccountManagement.Configuration", "AccountManagement.Configuration\AccountManagement.Configuration.csproj", "{082D55B6-0C5E-4887-88EE-12A308A97170}"
EndProject
Project("{2150E333-8FDC-42A3-9474-1A3956D46DE8}") = "BlogManagement", "BlogManagement", "{73ADBCE5-4E3B-4140-AEB1-EF1762CB0BD0}"
EndProject
Global
	GlobalSection(SolutionConfigurationPlatforms) = preSolution
		Debug|Any CPU = Debug|Any CPU
		Release|Any CPU = Release|Any CPU
	EndGlobalSection
	GlobalSection(ProjectConfigurationPlatforms) = postSolution
		{99595BFA-AF0C-40F3-8962-4CA04B1C6F92}.Debug|Any CPU.ActiveCfg = Debug|Any CPU
		{99595BFA-AF0C-40F3-8962-4CA04B1C6F92}.Debug|Any CPU.Build.0 = Debug|Any CPU
		{99595BFA-AF0C-40F3-8962-4CA04B1C6F92}.Release|Any CPU.ActiveCfg = Release|Any CPU
		{99595BFA-AF0C-40F3-8962-4CA04B1C6F92}.Release|Any CPU.Build.0 = Release|Any CPU
		{6AD61FC2-E245-43F6-816F-CC5767410C2C}.Debug|Any CPU.ActiveCfg = Debug|Any CPU
		{6AD61FC2-E245-43F6-816F-CC5767410C2C}.Debug|Any CPU.Build.0 = Debug|Any CPU
		{6AD61FC2-E245-43F6-816F-CC5767410C2C}.Release|Any CPU.ActiveCfg = Release|Any CPU
		{6AD61FC2-E245-43F6-816F-CC5767410C2C}.Release|Any CPU.Build.0 = Release|Any CPU
		{3042D052-12D4-44F9-ACBA-3B1B7C47992C}.Debug|Any CPU.ActiveCfg = Debug|Any CPU
		{3042D052-12D4-44F9-ACBA-3B1B7C47992C}.Debug|Any CPU.Build.0 = Debug|Any CPU
		{3042D052-12D4-44F9-ACBA-3B1B7C47992C}.Release|Any CPU.ActiveCfg = Release|Any CPU
		{3042D052-12D4-44F9-ACBA-3B1B7C47992C}.Release|Any CPU.Build.0 = Release|Any CPU
		{56AAB176-CA18-49BA-9265-29A507FAD7DE}.Debug|Any CPU.ActiveCfg = Debug|Any CPU
		{56AAB176-CA18-49BA-9265-29A507FAD7DE}.Debug|Any CPU.Build.0 = Debug|Any CPU
		{56AAB176-CA18-49BA-9265-29A507FAD7DE}.Release|Any CPU.ActiveCfg = Release|Any CPU
		{56AAB176-CA18-49BA-9265-29A507FAD7DE}.Release|Any CPU.Build.0 = Release|Any CPU
		{FA56C022-4089-4647-9D45-084F8821052F}.Debug|Any CPU.ActiveCfg = Debug|Any CPU
		{FA56C022-4089-4647-9D45-084F8821052F}.Debug|Any CPU.Build.0 = Debug|Any CPU
		{FA56C022-4089-4647-9D45-084F8821052F}.Release|Any CPU.ActiveCfg = Release|Any CPU
		{FA56C022-4089-4647-9D45-084F8821052F}.Release|Any CPU.Build.0 = Release|Any CPU
		{061538C4-7BB3-4106-9E22-A7842F3714A2}.Debug|Any CPU.ActiveCfg = Debug|Any CPU
		{061538C4-7BB3-4106-9E22-A7842F3714A2}.Debug|Any CPU.Build.0 = Debug|Any CPU
		{061538C4-7BB3-4106-9E22-A7842F3714A2}.Release|Any CPU.ActiveCfg = Release|Any CPU
		{061538C4-7BB3-4106-9E22-A7842F3714A2}.Release|Any CPU.Build.0 = Release|Any CPU
		{92B3185E-61D1-4A07-95B9-212F5B8A29A4}.Debug|Any CPU.ActiveCfg = Debug|Any CPU
		{92B3185E-61D1-4A07-95B9-212F5B8A29A4}.Debug|Any CPU.Build.0 = Debug|Any CPU
		{92B3185E-61D1-4A07-95B9-212F5B8A29A4}.Release|Any CPU.ActiveCfg = Release|Any CPU
		{92B3185E-61D1-4A07-95B9-212F5B8A29A4}.Release|Any CPU.Build.0 = Release|Any CPU
		{814DB5FB-22A9-4EC9-9250-3FD03704E4F0}.Debug|Any CPU.ActiveCfg = Debug|Any CPU
		{814DB5FB-22A9-4EC9-9250-3FD03704E4F0}.Debug|Any CPU.Build.0 = Debug|Any CPU
		{814DB5FB-22A9-4EC9-9250-3FD03704E4F0}.Release|Any CPU.ActiveCfg = Release|Any CPU
		{814DB5FB-22A9-4EC9-9250-3FD03704E4F0}.Release|Any CPU.Build.0 = Release|Any CPU
		{3017DDD7-397B-4004-A3D7-E4AC9E7CB2E3}.Debug|Any CPU.ActiveCfg = Debug|Any CPU
		{3017DDD7-397B-4004-A3D7-E4AC9E7CB2E3}.Debug|Any CPU.Build.0 = Debug|Any CPU
		{3017DDD7-397B-4004-A3D7-E4AC9E7CB2E3}.Release|Any CPU.ActiveCfg = Release|Any CPU
		{3017DDD7-397B-4004-A3D7-E4AC9E7CB2E3}.Release|Any CPU.Build.0 = Release|Any CPU
		{5AE4838D-4FD1-4AF1-B251-7CB73F097040}.Debug|Any CPU.ActiveCfg = Debug|Any CPU
		{5AE4838D-4FD1-4AF1-B251-7CB73F097040}.Debug|Any CPU.Build.0 = Debug|Any CPU
		{5AE4838D-4FD1-4AF1-B251-7CB73F097040}.Release|Any CPU.ActiveCfg = Release|Any CPU
		{5AE4838D-4FD1-4AF1-B251-7CB73F097040}.Release|Any CPU.Build.0 = Release|Any CPU
		{61659ACE-4966-44A1-8074-F0E18B5D3D57}.Debug|Any CPU.ActiveCfg = Debug|Any CPU
		{61659ACE-4966-44A1-8074-F0E18B5D3D57}.Debug|Any CPU.Build.0 = Debug|Any CPU
		{61659ACE-4966-44A1-8074-F0E18B5D3D57}.Release|Any CPU.ActiveCfg = Release|Any CPU
		{61659ACE-4966-44A1-8074-F0E18B5D3D57}.Release|Any CPU.Build.0 = Release|Any CPU
		{9FC7A47A-84F8-4A57-AABB-E00A1BB4A34C}.Debug|Any CPU.ActiveCfg = Debug|Any CPU
		{9FC7A47A-84F8-4A57-AABB-E00A1BB4A34C}.Debug|Any CPU.Build.0 = Debug|Any CPU
		{9FC7A47A-84F8-4A57-AABB-E00A1BB4A34C}.Release|Any CPU.ActiveCfg = Release|Any CPU
		{9FC7A47A-84F8-4A57-AABB-E00A1BB4A34C}.Release|Any CPU.Build.0 = Release|Any CPU
		{73C10E83-02B8-4FFB-80EB-98848378ADFA}.Debug|Any CPU.ActiveCfg = Debug|Any CPU
		{73C10E83-02B8-4FFB-80EB-98848378ADFA}.Debug|Any CPU.Build.0 = Debug|Any CPU
		{73C10E83-02B8-4FFB-80EB-98848378ADFA}.Release|Any CPU.ActiveCfg = Release|Any CPU
		{73C10E83-02B8-4FFB-80EB-98848378ADFA}.Release|Any CPU.Build.0 = Release|Any CPU
		{191D4F2F-9015-4A01-8B69-F01808C32B61}.Debug|Any CPU.ActiveCfg = Debug|Any CPU
		{191D4F2F-9015-4A01-8B69-F01808C32B61}.Debug|Any CPU.Build.0 = Debug|Any CPU
		{191D4F2F-9015-4A01-8B69-F01808C32B61}.Release|Any CPU.ActiveCfg = Release|Any CPU
		{191D4F2F-9015-4A01-8B69-F01808C32B61}.Release|Any CPU.Build.0 = Release|Any CPU
		{12347C3E-EE43-4FD7-899B-D7EC45F10D47}.Debug|Any CPU.ActiveCfg = Debug|Any CPU
		{12347C3E-EE43-4FD7-899B-D7EC45F10D47}.Debug|Any CPU.Build.0 = Debug|Any CPU
		{12347C3E-EE43-4FD7-899B-D7EC45F10D47}.Release|Any CPU.ActiveCfg = Release|Any CPU
		{12347C3E-EE43-4FD7-899B-D7EC45F10D47}.Release|Any CPU.Build.0 = Release|Any CPU
		{AD18D6C4-4BA9-4953-AE98-0BA520F568CD}.Debug|Any CPU.ActiveCfg = Debug|Any CPU
		{AD18D6C4-4BA9-4953-AE98-0BA520F568CD}.Debug|Any CPU.Build.0 = Debug|Any CPU
		{AD18D6C4-4BA9-4953-AE98-0BA520F568CD}.Release|Any CPU.ActiveCfg = Release|Any CPU
		{AD18D6C4-4BA9-4953-AE98-0BA520F568CD}.Release|Any CPU.Build.0 = Release|Any CPU
		{34917DB9-3773-4A98-A262-261473F98651}.Debug|Any CPU.ActiveCfg = Debug|Any CPU
		{34917DB9-3773-4A98-A262-261473F98651}.Debug|Any CPU.Build.0 = Debug|Any CPU
		{34917DB9-3773-4A98-A262-261473F98651}.Release|Any CPU.ActiveCfg = Release|Any CPU
		{34917DB9-3773-4A98-A262-261473F98651}.Release|Any CPU.Build.0 = Release|Any CPU
		{7C7E7FA7-C467-4EC9-816C-847BD96B94A2}.Debug|Any CPU.ActiveCfg = Debug|Any CPU
		{7C7E7FA7-C467-4EC9-816C-847BD96B94A2}.Debug|Any CPU.Build.0 = Debug|Any CPU
		{7C7E7FA7-C467-4EC9-816C-847BD96B94A2}.Release|Any CPU.ActiveCfg = Release|Any CPU
		{7C7E7FA7-C467-4EC9-816C-847BD96B94A2}.Release|Any CPU.Build.0 = Release|Any CPU
		{1D3B1D1F-AB9C-4DB7-B182-4642882221DC}.Debug|Any CPU.ActiveCfg = Debug|Any CPU
		{1D3B1D1F-AB9C-4DB7-B182-4642882221DC}.Debug|Any CPU.Build.0 = Debug|Any CPU
		{1D3B1D1F-AB9C-4DB7-B182-4642882221DC}.Release|Any CPU.ActiveCfg = Release|Any CPU
		{1D3B1D1F-AB9C-4DB7-B182-4642882221DC}.Release|Any CPU.Build.0 = Release|Any CPU
		{7CA67494-F08E-49CB-8FDC-B5FBB4A15F2A}.Debug|Any CPU.ActiveCfg = Debug|Any CPU
		{7CA67494-F08E-49CB-8FDC-B5FBB4A15F2A}.Debug|Any CPU.Build.0 = Debug|Any CPU
		{7CA67494-F08E-49CB-8FDC-B5FBB4A15F2A}.Release|Any CPU.ActiveCfg = Release|Any CPU
		{7CA67494-F08E-49CB-8FDC-B5FBB4A15F2A}.Release|Any CPU.Build.0 = Release|Any CPU
		{112AC217-7969-47DF-BE6E-8D50D3DC0923}.Debug|Any CPU.ActiveCfg = Debug|Any CPU
		{112AC217-7969-47DF-BE6E-8D50D3DC0923}.Debug|Any CPU.Build.0 = Debug|Any CPU
		{112AC217-7969-47DF-BE6E-8D50D3DC0923}.Release|Any CPU.ActiveCfg = Release|Any CPU
		{112AC217-7969-47DF-BE6E-8D50D3DC0923}.Release|Any CPU.Build.0 = Release|Any CPU
		{40733716-477F-4212-BAD3-540D7B8607FE}.Debug|Any CPU.ActiveCfg = Debug|Any CPU
		{40733716-477F-4212-BAD3-540D7B8607FE}.Debug|Any CPU.Build.0 = Debug|Any CPU
		{40733716-477F-4212-BAD3-540D7B8607FE}.Release|Any CPU.ActiveCfg = Release|Any CPU
		{40733716-477F-4212-BAD3-540D7B8607FE}.Release|Any CPU.Build.0 = Release|Any CPU
		{082D55B6-0C5E-4887-88EE-12A308A97170}.Debug|Any CPU.ActiveCfg = Debug|Any CPU
		{082D55B6-0C5E-4887-88EE-12A308A97170}.Debug|Any CPU.Build.0 = Debug|Any CPU
		{082D55B6-0C5E-4887-88EE-12A308A97170}.Release|Any CPU.ActiveCfg = Release|Any CPU
		{082D55B6-0C5E-4887-88EE-12A308A97170}.Release|Any CPU.Build.0 = Release|Any CPU
	EndGlobalSection
	GlobalSection(SolutionProperties) = preSolution
		HideSolutionNode = FALSE
	EndGlobalSection
	GlobalSection(NestedProjects) = preSolution
		{4F08EC5A-8213-4D57-8FC7-C121A24DA927} = {D7028BE7-AFBB-4E84-8B7B-99A877BC1650}
		{99595BFA-AF0C-40F3-8962-4CA04B1C6F92} = {4F08EC5A-8213-4D57-8FC7-C121A24DA927}
		{CBA956C6-8048-4C5A-AE26-82DB2BEFE6E0} = {D7028BE7-AFBB-4E84-8B7B-99A877BC1650}
		{3042D052-12D4-44F9-ACBA-3B1B7C47992C} = {CBA956C6-8048-4C5A-AE26-82DB2BEFE6E0}
		{56AAB176-CA18-49BA-9265-29A507FAD7DE} = {CBA956C6-8048-4C5A-AE26-82DB2BEFE6E0}
		{46BF1F8E-E7BD-4411-AA16-F54E858835AD} = {D7028BE7-AFBB-4E84-8B7B-99A877BC1650}
		{FA56C022-4089-4647-9D45-084F8821052F} = {46BF1F8E-E7BD-4411-AA16-F54E858835AD}
		{061538C4-7BB3-4106-9E22-A7842F3714A2} = {46BF1F8E-E7BD-4411-AA16-F54E858835AD}
		{5AD3714A-9A26-4F98-9773-1FDF7354257F} = {C4034ED5-2DDA-4CCC-AC30-AB66938BFCB1}
		{E7672865-4B35-4ACC-93C0-45CF9A05D9DC} = {C4034ED5-2DDA-4CCC-AC30-AB66938BFCB1}
		{82D74232-417B-43A4-9327-4A5F9B807ABF} = {C4034ED5-2DDA-4CCC-AC30-AB66938BFCB1}
		{3017DDD7-397B-4004-A3D7-E4AC9E7CB2E3} = {5AD3714A-9A26-4F98-9773-1FDF7354257F}
		{5AE4838D-4FD1-4AF1-B251-7CB73F097040} = {E7672865-4B35-4ACC-93C0-45CF9A05D9DC}
		{61659ACE-4966-44A1-8074-F0E18B5D3D57} = {E7672865-4B35-4ACC-93C0-45CF9A05D9DC}
		{9FC7A47A-84F8-4A57-AABB-E00A1BB4A34C} = {82D74232-417B-43A4-9327-4A5F9B807ABF}
		{73C10E83-02B8-4FFB-80EB-98848378ADFA} = {82D74232-417B-43A4-9327-4A5F9B807ABF}
		{AD0195F8-1872-4E4B-87A9-CD70FD32A8F8} = {CECB469A-E800-40DB-8E34-70ADD55AEA40}
		{115C28D7-F9F5-4673-B86B-4B9CB129DFE3} = {CECB469A-E800-40DB-8E34-70ADD55AEA40}
		{FBB77727-7BAC-4D8E-A8F1-FC9AC3C8B66F} = {CECB469A-E800-40DB-8E34-70ADD55AEA40}
		{191D4F2F-9015-4A01-8B69-F01808C32B61} = {AD0195F8-1872-4E4B-87A9-CD70FD32A8F8}
		{12347C3E-EE43-4FD7-899B-D7EC45F10D47} = {115C28D7-F9F5-4673-B86B-4B9CB129DFE3}
		{AD18D6C4-4BA9-4953-AE98-0BA520F568CD} = {FBB77727-7BAC-4D8E-A8F1-FC9AC3C8B66F}
		{34917DB9-3773-4A98-A262-261473F98651} = {FBB77727-7BAC-4D8E-A8F1-FC9AC3C8B66F}
		{7C7E7FA7-C467-4EC9-816C-847BD96B94A2} = {115C28D7-F9F5-4673-B86B-4B9CB129DFE3}
		{48D23774-63E7-452B-BC2F-DA19300FF1AF} = {4971D56B-42CE-4A15-BFD1-1755FDCA0531}
		{5251D217-A0F8-4961-B6CB-2F78A009E3E9} = {4971D56B-42CE-4A15-BFD1-1755FDCA0531}
		{C28B7C96-01F7-4429-BE4F-84E8F8F95C7C} = {4971D56B-42CE-4A15-BFD1-1755FDCA0531}
		{1D3B1D1F-AB9C-4DB7-B182-4642882221DC} = {48D23774-63E7-452B-BC2F-DA19300FF1AF}
		{7CA67494-F08E-49CB-8FDC-B5FBB4A15F2A} = {5251D217-A0F8-4961-B6CB-2F78A009E3E9}
		{112AC217-7969-47DF-BE6E-8D50D3DC0923} = {C28B7C96-01F7-4429-BE4F-84E8F8F95C7C}
		{40733716-477F-4212-BAD3-540D7B8607FE} = {5251D217-A0F8-4961-B6CB-2F78A009E3E9}
		{082D55B6-0C5E-4887-88EE-12A308A97170} = {C28B7C96-01F7-4429-BE4F-84E8F8F95C7C}
	EndGlobalSection
	GlobalSection(ExtensibilityGlobals) = postSolution
		SolutionGuid = {8A5DCCCF-E147-4CC5-9CA2-64060359E96F}
	EndGlobalSection
EndGlobal
